
Microsoft Visual Studio Solution File, Format Version 12.00
# Visual Studio 15
VisualStudioVersion = 15.0.28307.572
MinimumVisualStudioVersion = 10.0.40219.1
Project("{FAE04EC0-301F-11D3-BF4B-00C04F79EFBC}") = "GitTest2", "GitTest2\GitTest2.csproj", "{F2EBA985-6821-4AA1-8EDF-251B0D426E7B}"
EndProject
Global
	GlobalSection(SolutionConfigurationPlatforms) = preSolution
		Debug|Any CPU = Debug|Any CPU
		Release|Any CPU = Release|Any CPU
	EndGlobalSection
	GlobalSection(ProjectConfigurationPlatforms) = postSolution
		{F2EBA985-6821-4AA1-8EDF-251B0D426E7B}.Debug|Any CPU.ActiveCfg = Debug|Any CPU
		{F2EBA985-6821-4AA1-8EDF-251B0D426E7B}.Debug|Any CPU.Build.0 = Debug|Any CPU
		{F2EBA985-6821-4AA1-8EDF-251B0D426E7B}.Release|Any CPU.ActiveCfg = Release|Any CPU
		{F2EBA985-6821-4AA1-8EDF-251B0D426E7B}.Release|Any CPU.Build.0 = Release|Any CPU
	EndGlobalSection
	GlobalSection(SolutionProperties) = preSolution
		HideSolutionNode = FALSE
	EndGlobalSection
	GlobalSection(ExtensibilityGlobals) = postSolution
		SolutionGuid = {0E7BFF3A-8C68-460E-A7DC-E6593C89DA4D}
	EndGlobalSection
EndGlobal
